
Microsoft Visual Studio Solution File, Format Version 12.00
# Visual Studio Version 17
VisualStudioVersion = 17.3.32929.385
MinimumVisualStudioVersion = 10.0.40219.1
Project("{FAE04EC0-301F-11D3-BF4B-00C04F79EFBC}") = "RoughWork", "RoughWork\RoughWork.csproj", "{B5BA000F-ED05-4067-AB84-8489369C39BB}"
EndProject
Global
	GlobalSection(SolutionConfigurationPlatforms) = preSolution
		Debug|Any CPU = Debug|Any CPU
		Release|Any CPU = Release|Any CPU
	EndGlobalSection
	GlobalSection(ProjectConfigurationPlatforms) = postSolution
		{B5BA000F-ED05-4067-AB84-8489369C39BB}.Debug|Any CPU.ActiveCfg = Debug|Any CPU
		{B5BA000F-ED05-4067-AB84-8489369C39BB}.Debug|Any CPU.Build.0 = Debug|Any CPU
		{B5BA000F-ED05-4067-AB84-8489369C39BB}.Release|Any CPU.ActiveCfg = Release|Any CPU
		{B5BA000F-ED05-4067-AB84-8489369C39BB}.Release|Any CPU.Build.0 = Release|Any CPU
	EndGlobalSection
	GlobalSection(SolutionProperties) = preSolution
		HideSolutionNode = FALSE
	EndGlobalSection
	GlobalSection(ExtensibilityGlobals) = postSolution
		SolutionGuid = {FB4F65AC-3257-4FAD-BBCB-84B75B58D724}
	EndGlobalSection
EndGlobal
